
Microsoft Visual Studio Solution File, Format Version 12.00
# Visual Studio 15
VisualStudioVersion = 15.0.26403.7
MinimumVisualStudioVersion = 10.0.40219.1
Project("{FAE04EC0-301F-11D3-BF4B-00C04F79EFBC}") = "YourCourses", "YourCourses\YourCourses.csproj", "{67FD3CA6-50E8-4EA4-9BB7-14509608A6D2}"
EndProject
Project("{FAE04EC0-301F-11D3-BF4B-00C04F79EFBC}") = "YourCourses.Tests", "YourCourses.Tests\YourCourses.Tests.csproj", "{0CA07BFA-EE83-4592-9EEC-9C11E5134681}"
EndProject
Global
	GlobalSection(SolutionConfigurationPlatforms) = preSolution
		Debug|Any CPU = Debug|Any CPU
		Release|Any CPU = Release|Any CPU
	EndGlobalSection
	GlobalSection(ProjectConfigurationPlatforms) = postSolution
		{67FD3CA6-50E8-4EA4-9BB7-14509608A6D2}.Debug|Any CPU.ActiveCfg = Debug|Any CPU
		{67FD3CA6-50E8-4EA4-9BB7-14509608A6D2}.Debug|Any CPU.Build.0 = Debug|Any CPU
		{67FD3CA6-50E8-4EA4-9BB7-14509608A6D2}.Release|Any CPU.ActiveCfg = Release|Any CPU
		{67FD3CA6-50E8-4EA4-9BB7-14509608A6D2}.Release|Any CPU.Build.0 = Release|Any CPU
		{0CA07BFA-EE83-4592-9EEC-9C11E5134681}.Debug|Any CPU.ActiveCfg = Debug|Any CPU
		{0CA07BFA-EE83-4592-9EEC-9C11E5134681}.Debug|Any CPU.Build.0 = Debug|Any CPU
		{0CA07BFA-EE83-4592-9EEC-9C11E5134681}.Release|Any CPU.ActiveCfg = Release|Any CPU
		{0CA07BFA-EE83-4592-9EEC-9C11E5134681}.Release|Any CPU.Build.0 = Release|Any CPU
	EndGlobalSection
	GlobalSection(SolutionProperties) = preSolution
		HideSolutionNode = FALSE
	EndGlobalSection
EndGlobal
